
Microsoft Visual Studio Solution File, Format Version 12.00
# Visual Studio Version 17
VisualStudioVersion = 17.5.33516.290
MinimumVisualStudioVersion = 10.0.40219.1
Project("{9A19103F-16F7-4668-BE54-9A1E7A4F7556}") = "Calendario", "Calendario\Calendario.csproj", "{8579532D-87E6-4C34-9AAD-D6C91B739607}"
EndProject
Project("{E53339B2-1760-4266-BCC7-CA923CBCF16C}") = "docker-compose", "docker-compose.dcproj", "{F156BE6F-C86A-43A4-A037-EA25877FB287}"
EndProject
Global
	GlobalSection(SolutionConfigurationPlatforms) = preSolution
		Debug|Any CPU = Debug|Any CPU
		Release|Any CPU = Release|Any CPU
	EndGlobalSection
	GlobalSection(ProjectConfigurationPlatforms) = postSolution
		{8579532D-87E6-4C34-9AAD-D6C91B739607}.Debug|Any CPU.ActiveCfg = Debug|Any CPU
		{8579532D-87E6-4C34-9AAD-D6C91B739607}.Debug|Any CPU.Build.0 = Debug|Any CPU
		{8579532D-87E6-4C34-9AAD-D6C91B739607}.Release|Any CPU.ActiveCfg = Release|Any CPU
		{8579532D-87E6-4C34-9AAD-D6C91B739607}.Release|Any CPU.Build.0 = Release|Any CPU
		{F156BE6F-C86A-43A4-A037-EA25877FB287}.Debug|Any CPU.ActiveCfg = Debug|Any CPU
		{F156BE6F-C86A-43A4-A037-EA25877FB287}.Debug|Any CPU.Build.0 = Debug|Any CPU
		{F156BE6F-C86A-43A4-A037-EA25877FB287}.Release|Any CPU.ActiveCfg = Release|Any CPU
		{F156BE6F-C86A-43A4-A037-EA25877FB287}.Release|Any CPU.Build.0 = Release|Any CPU
	EndGlobalSection
	GlobalSection(SolutionProperties) = preSolution
		HideSolutionNode = FALSE
	EndGlobalSection
	GlobalSection(ExtensibilityGlobals) = postSolution
		SolutionGuid = {1891B932-0096-4D84-B0A8-F83D6043B97C}
	EndGlobalSection
EndGlobal
